
Microsoft Visual Studio Solution File, Format Version 12.00
# Visual Studio Version 17
VisualStudioVersion = 17.0.32014.148
MinimumVisualStudioVersion = 10.0.40219.1
Project("{FAE04EC0-301F-11D3-BF4B-00C04F79EFBC}") = "CardStorageService", "CardStorageService\CardStorageService.csproj", "{8B338BE2-552E-41D8-A87D-2D057DA82932}"
EndProject
Project("{FAE04EC0-301F-11D3-BF4B-00C04F79EFBC}") = "CardStorageService.DAL", "CardStorageService.DAL\CardStorageService.DAL.csproj", "{540A9E2E-1DA4-474E-85B2-E59544E6E85D}"
EndProject
Project("{FAE04EC0-301F-11D3-BF4B-00C04F79EFBC}") = "CardStorageService.Domain", "CardStorageService.Domain\CardStorageService.Domain.csproj", "{ADC0128A-9B45-4660-9103-A4892FE1747D}"
EndProject
Global
	GlobalSection(SolutionConfigurationPlatforms) = preSolution
		Debug|Any CPU = Debug|Any CPU
		Release|Any CPU = Release|Any CPU
	EndGlobalSection
	GlobalSection(ProjectConfigurationPlatforms) = postSolution
		{8B338BE2-552E-41D8-A87D-2D057DA82932}.Debug|Any CPU.ActiveCfg = Debug|Any CPU
		{8B338BE2-552E-41D8-A87D-2D057DA82932}.Debug|Any CPU.Build.0 = Debug|Any CPU
		{8B338BE2-552E-41D8-A87D-2D057DA82932}.Release|Any CPU.ActiveCfg = Release|Any CPU
		{8B338BE2-552E-41D8-A87D-2D057DA82932}.Release|Any CPU.Build.0 = Release|Any CPU
		{540A9E2E-1DA4-474E-85B2-E59544E6E85D}.Debug|Any CPU.ActiveCfg = Debug|Any CPU
		{540A9E2E-1DA4-474E-85B2-E59544E6E85D}.Debug|Any CPU.Build.0 = Debug|Any CPU
		{540A9E2E-1DA4-474E-85B2-E59544E6E85D}.Release|Any CPU.ActiveCfg = Release|Any CPU
		{540A9E2E-1DA4-474E-85B2-E59544E6E85D}.Release|Any CPU.Build.0 = Release|Any CPU
		{ADC0128A-9B45-4660-9103-A4892FE1747D}.Debug|Any CPU.ActiveCfg = Debug|Any CPU
		{ADC0128A-9B45-4660-9103-A4892FE1747D}.Debug|Any CPU.Build.0 = Debug|Any CPU
		{ADC0128A-9B45-4660-9103-A4892FE1747D}.Release|Any CPU.ActiveCfg = Release|Any CPU
		{ADC0128A-9B45-4660-9103-A4892FE1747D}.Release|Any CPU.Build.0 = Release|Any CPU
	EndGlobalSection
	GlobalSection(SolutionProperties) = preSolution
		HideSolutionNode = FALSE
	EndGlobalSection
	GlobalSection(ExtensibilityGlobals) = postSolution
		SolutionGuid = {BB552440-9709-4ED0-BA8F-29EA4AC1B220}
	EndGlobalSection
EndGlobal
