
Microsoft Visual Studio Solution File, Format Version 12.00
# Visual Studio Version 17
VisualStudioVersion = 17.0.32014.148
MinimumVisualStudioVersion = 10.0.40219.1
Project("{9A19103F-16F7-4668-BE54-9A1E7A4F7556}") = "CardStorageService", "CardStorageService\CardStorageService.csproj", "{8B338BE2-552E-41D8-A87D-2D057DA82932}"
EndProject
Project("{9A19103F-16F7-4668-BE54-9A1E7A4F7556}") = "CardStorageService.DAL", "CardStorageService.DAL\CardStorageService.DAL.csproj", "{540A9E2E-1DA4-474E-85B2-E59544E6E85D}"
EndProject
Project("{9A19103F-16F7-4668-BE54-9A1E7A4F7556}") = "CardStorageService.Domain", "CardStorageService.Domain\CardStorageService.Domain.csproj", "{ADC0128A-9B45-4660-9103-A4892FE1747D}"
EndProject
Project("{9A19103F-16F7-4668-BE54-9A1E7A4F7556}") = "CardStorageService.Services", "CardStorageService.Services\CardStorageService.Services.csproj", "{BEE4987D-5B6E-42C1-84DE-DEFD044A316D}"
EndProject
Project("{9A19103F-16F7-4668-BE54-9A1E7A4F7556}") = "AppCertification", "AppCertification\AppCertification.csproj", "{548222E7-5B93-4DD3-A74F-42C50A4BD77A}"
EndProject
Project("{9A19103F-16F7-4668-BE54-9A1E7A4F7556}") = "FullSearchSamples", "FullSearchSamples\FullSearchSamples\FullSearchSamples.csproj", "{B3EC0643-DD03-4701-B665-103CFF04304A}"
EndProject
Global
	GlobalSection(SolutionConfigurationPlatforms) = preSolution
		Debug|Any CPU = Debug|Any CPU
		Release|Any CPU = Release|Any CPU
	EndGlobalSection
	GlobalSection(ProjectConfigurationPlatforms) = postSolution
		{8B338BE2-552E-41D8-A87D-2D057DA82932}.Debug|Any CPU.ActiveCfg = Debug|Any CPU
		{8B338BE2-552E-41D8-A87D-2D057DA82932}.Debug|Any CPU.Build.0 = Debug|Any CPU
		{8B338BE2-552E-41D8-A87D-2D057DA82932}.Release|Any CPU.ActiveCfg = Release|Any CPU
		{8B338BE2-552E-41D8-A87D-2D057DA82932}.Release|Any CPU.Build.0 = Release|Any CPU
		{540A9E2E-1DA4-474E-85B2-E59544E6E85D}.Debug|Any CPU.ActiveCfg = Debug|Any CPU
		{540A9E2E-1DA4-474E-85B2-E59544E6E85D}.Debug|Any CPU.Build.0 = Debug|Any CPU
		{540A9E2E-1DA4-474E-85B2-E59544E6E85D}.Release|Any CPU.ActiveCfg = Release|Any CPU
		{540A9E2E-1DA4-474E-85B2-E59544E6E85D}.Release|Any CPU.Build.0 = Release|Any CPU
		{ADC0128A-9B45-4660-9103-A4892FE1747D}.Debug|Any CPU.ActiveCfg = Debug|Any CPU
		{ADC0128A-9B45-4660-9103-A4892FE1747D}.Debug|Any CPU.Build.0 = Debug|Any CPU
		{ADC0128A-9B45-4660-9103-A4892FE1747D}.Release|Any CPU.ActiveCfg = Release|Any CPU
		{ADC0128A-9B45-4660-9103-A4892FE1747D}.Release|Any CPU.Build.0 = Release|Any CPU
		{BEE4987D-5B6E-42C1-84DE-DEFD044A316D}.Debug|Any CPU.ActiveCfg = Debug|Any CPU
		{BEE4987D-5B6E-42C1-84DE-DEFD044A316D}.Debug|Any CPU.Build.0 = Debug|Any CPU
		{BEE4987D-5B6E-42C1-84DE-DEFD044A316D}.Release|Any CPU.ActiveCfg = Release|Any CPU
		{BEE4987D-5B6E-42C1-84DE-DEFD044A316D}.Release|Any CPU.Build.0 = Release|Any CPU
		{548222E7-5B93-4DD3-A74F-42C50A4BD77A}.Debug|Any CPU.ActiveCfg = Debug|Any CPU
		{548222E7-5B93-4DD3-A74F-42C50A4BD77A}.Debug|Any CPU.Build.0 = Debug|Any CPU
		{548222E7-5B93-4DD3-A74F-42C50A4BD77A}.Release|Any CPU.ActiveCfg = Release|Any CPU
		{548222E7-5B93-4DD3-A74F-42C50A4BD77A}.Release|Any CPU.Build.0 = Release|Any CPU
		{B3EC0643-DD03-4701-B665-103CFF04304A}.Debug|Any CPU.ActiveCfg = Debug|Any CPU
		{B3EC0643-DD03-4701-B665-103CFF04304A}.Debug|Any CPU.Build.0 = Debug|Any CPU
		{B3EC0643-DD03-4701-B665-103CFF04304A}.Release|Any CPU.ActiveCfg = Release|Any CPU
		{B3EC0643-DD03-4701-B665-103CFF04304A}.Release|Any CPU.Build.0 = Release|Any CPU
	EndGlobalSection
	GlobalSection(SolutionProperties) = preSolution
		HideSolutionNode = FALSE
	EndGlobalSection
	GlobalSection(ExtensibilityGlobals) = postSolution
		SolutionGuid = {BB552440-9709-4ED0-BA8F-29EA4AC1B220}
	EndGlobalSection
EndGlobal
